
Microsoft Visual Studio Solution File, Format Version 12.00
# Visual Studio Version 16
VisualStudioVersion = 16.0.32510.428
MinimumVisualStudioVersion = 10.0.40219.1
Project("{FAE04EC0-301F-11D3-BF4B-00C04F79EFBC}") = "CoinRecorder", "CoinRecorder\CoinRecorder.csproj", "{70679F12-9342-4B9D-AFF2-146F119A41B6}"
EndProject
Global
	GlobalSection(SolutionConfigurationPlatforms) = preSolution
		Debug|Any CPU = Debug|Any CPU
		Release|Any CPU = Release|Any CPU
	EndGlobalSection
	GlobalSection(ProjectConfigurationPlatforms) = postSolution
		{70679F12-9342-4B9D-AFF2-146F119A41B6}.Debug|Any CPU.ActiveCfg = Debug|Any CPU
		{70679F12-9342-4B9D-AFF2-146F119A41B6}.Debug|Any CPU.Build.0 = Debug|Any CPU
		{70679F12-9342-4B9D-AFF2-146F119A41B6}.Release|Any CPU.ActiveCfg = Release|Any CPU
		{70679F12-9342-4B9D-AFF2-146F119A41B6}.Release|Any CPU.Build.0 = Release|Any CPU
	EndGlobalSection
	GlobalSection(SolutionProperties) = preSolution
		HideSolutionNode = FALSE
	EndGlobalSection
	GlobalSection(ExtensibilityGlobals) = postSolution
		SolutionGuid = {C128A111-F92B-4EE6-9747-DD01FA606AE3}
	EndGlobalSection
EndGlobal
